
Microsoft Visual Studio Solution File, Format Version 12.00
# Visual Studio Version 16
VisualStudioVersion = 16.0.30804.86
MinimumVisualStudioVersion = 10.0.40219.1
Project("{9A19103F-16F7-4668-BE54-9A1E7A4F7556}") = "KampIntro", "KampIntro\KampIntro.csproj", "{6636B925-699F-4C8F-B47F-60462B26086E}"
EndProject
Project("{9A19103F-16F7-4668-BE54-9A1E7A4F7556}") = "Donguler", "Donguler\Donguler.csproj", "{327D27B2-9A7D-4592-80A3-C1141CAD4EE8}"
EndProject
Project("{9A19103F-16F7-4668-BE54-9A1E7A4F7556}") = "ClassIntro", "ClassIntro\ClassIntro.csproj", "{9F14B0AC-DEB1-4ADE-8C1B-E152AA2064A0}"
EndProject
Project("{9A19103F-16F7-4668-BE54-9A1E7A4F7556}") = "DegerVeReferansTipler", "DegerVeReferansTipler\DegerVeReferansTipler.csproj", "{9CBC2C04-80F5-48E1-86A2-15B68787FADC}"
EndProject
Project("{9A19103F-16F7-4668-BE54-9A1E7A4F7556}") = "OOP1", "OOP1\OOP1.csproj", "{DD77D21E-C603-41A2-B04F-5A773C290B1E}"
EndProject
Project("{9A19103F-16F7-4668-BE54-9A1E7A4F7556}") = "Koleksiyonlar", "Koleksiyonlar\Koleksiyonlar.csproj", "{5EC4FBAF-70BE-40DE-A956-759DF61569DE}"
EndProject
Project("{9A19103F-16F7-4668-BE54-9A1E7A4F7556}") = "GenericsIntro", "GenericsIntro\GenericsIntro.csproj", "{610D7A7B-FADD-4E0A-96D5-56543206C27A}"
EndProject
Project("{9A19103F-16F7-4668-BE54-9A1E7A4F7556}") = "Metotlar", "Metotlar\Metotlar.csproj", "{B9C4DA46-60BD-4535-A9AC-2519AE778B47}"
EndProject
Project("{9A19103F-16F7-4668-BE54-9A1E7A4F7556}") = "Matematik", "Matematik\Matematik.csproj", "{BC22E0E3-49A1-461D-BA02-B6A6C740D799}"
EndProject
Project("{FAE04EC0-301F-11D3-BF4B-00C04F79EFBC}") = "ClassMetotDemo", "ClassMetotDemo\ClassMetotDemo.csproj", "{02ACD0FD-27A3-4328-AEEF-9BA5A24BB1CC}"
EndProject
Global
	GlobalSection(SolutionConfigurationPlatforms) = preSolution
		Debug|Any CPU = Debug|Any CPU
		Release|Any CPU = Release|Any CPU
	EndGlobalSection
	GlobalSection(ProjectConfigurationPlatforms) = postSolution
		{6636B925-699F-4C8F-B47F-60462B26086E}.Debug|Any CPU.ActiveCfg = Debug|Any CPU
		{6636B925-699F-4C8F-B47F-60462B26086E}.Debug|Any CPU.Build.0 = Debug|Any CPU
		{6636B925-699F-4C8F-B47F-60462B26086E}.Release|Any CPU.ActiveCfg = Release|Any CPU
		{6636B925-699F-4C8F-B47F-60462B26086E}.Release|Any CPU.Build.0 = Release|Any CPU
		{327D27B2-9A7D-4592-80A3-C1141CAD4EE8}.Debug|Any CPU.ActiveCfg = Debug|Any CPU
		{327D27B2-9A7D-4592-80A3-C1141CAD4EE8}.Debug|Any CPU.Build.0 = Debug|Any CPU
		{327D27B2-9A7D-4592-80A3-C1141CAD4EE8}.Release|Any CPU.ActiveCfg = Release|Any CPU
		{327D27B2-9A7D-4592-80A3-C1141CAD4EE8}.Release|Any CPU.Build.0 = Release|Any CPU
		{9F14B0AC-DEB1-4ADE-8C1B-E152AA2064A0}.Debug|Any CPU.ActiveCfg = Debug|Any CPU
		{9F14B0AC-DEB1-4ADE-8C1B-E152AA2064A0}.Debug|Any CPU.Build.0 = Debug|Any CPU
		{9F14B0AC-DEB1-4ADE-8C1B-E152AA2064A0}.Release|Any CPU.ActiveCfg = Release|Any CPU
		{9F14B0AC-DEB1-4ADE-8C1B-E152AA2064A0}.Release|Any CPU.Build.0 = Release|Any CPU
		{9CBC2C04-80F5-48E1-86A2-15B68787FADC}.Debug|Any CPU.ActiveCfg = Debug|Any CPU
		{9CBC2C04-80F5-48E1-86A2-15B68787FADC}.Debug|Any CPU.Build.0 = Debug|Any CPU
		{9CBC2C04-80F5-48E1-86A2-15B68787FADC}.Release|Any CPU.ActiveCfg = Release|Any CPU
		{9CBC2C04-80F5-48E1-86A2-15B68787FADC}.Release|Any CPU.Build.0 = Release|Any CPU
		{DD77D21E-C603-41A2-B04F-5A773C290B1E}.Debug|Any CPU.ActiveCfg = Debug|Any CPU
		{DD77D21E-C603-41A2-B04F-5A773C290B1E}.Debug|Any CPU.Build.0 = Debug|Any CPU
		{DD77D21E-C603-41A2-B04F-5A773C290B1E}.Release|Any CPU.ActiveCfg = Release|Any CPU
		{DD77D21E-C603-41A2-B04F-5A773C290B1E}.Release|Any CPU.Build.0 = Release|Any CPU
		{5EC4FBAF-70BE-40DE-A956-759DF61569DE}.Debug|Any CPU.ActiveCfg = Debug|Any CPU
		{5EC4FBAF-70BE-40DE-A956-759DF61569DE}.Debug|Any CPU.Build.0 = Debug|Any CPU
		{5EC4FBAF-70BE-40DE-A956-759DF61569DE}.Release|Any CPU.ActiveCfg = Release|Any CPU
		{5EC4FBAF-70BE-40DE-A956-759DF61569DE}.Release|Any CPU.Build.0 = Release|Any CPU
		{610D7A7B-FADD-4E0A-96D5-56543206C27A}.Debug|Any CPU.ActiveCfg = Debug|Any CPU
		{610D7A7B-FADD-4E0A-96D5-56543206C27A}.Debug|Any CPU.Build.0 = Debug|Any CPU
		{610D7A7B-FADD-4E0A-96D5-56543206C27A}.Release|Any CPU.ActiveCfg = Release|Any CPU
		{610D7A7B-FADD-4E0A-96D5-56543206C27A}.Release|Any CPU.Build.0 = Release|Any CPU
		{B9C4DA46-60BD-4535-A9AC-2519AE778B47}.Debug|Any CPU.ActiveCfg = Debug|Any CPU
		{B9C4DA46-60BD-4535-A9AC-2519AE778B47}.Debug|Any CPU.Build.0 = Debug|Any CPU
		{B9C4DA46-60BD-4535-A9AC-2519AE778B47}.Release|Any CPU.ActiveCfg = Release|Any CPU
		{B9C4DA46-60BD-4535-A9AC-2519AE778B47}.Release|Any CPU.Build.0 = Release|Any CPU
		{BC22E0E3-49A1-461D-BA02-B6A6C740D799}.Debug|Any CPU.ActiveCfg = Debug|Any CPU
		{BC22E0E3-49A1-461D-BA02-B6A6C740D799}.Debug|Any CPU.Build.0 = Debug|Any CPU
		{BC22E0E3-49A1-461D-BA02-B6A6C740D799}.Release|Any CPU.ActiveCfg = Release|Any CPU
		{BC22E0E3-49A1-461D-BA02-B6A6C740D799}.Release|Any CPU.Build.0 = Release|Any CPU
		{02ACD0FD-27A3-4328-AEEF-9BA5A24BB1CC}.Debug|Any CPU.ActiveCfg = Debug|Any CPU
		{02ACD0FD-27A3-4328-AEEF-9BA5A24BB1CC}.Debug|Any CPU.Build.0 = Debug|Any CPU
		{02ACD0FD-27A3-4328-AEEF-9BA5A24BB1CC}.Release|Any CPU.ActiveCfg = Release|Any CPU
		{02ACD0FD-27A3-4328-AEEF-9BA5A24BB1CC}.Release|Any CPU.Build.0 = Release|Any CPU
	EndGlobalSection
	GlobalSection(SolutionProperties) = preSolution
		HideSolutionNode = FALSE
	EndGlobalSection
	GlobalSection(ExtensibilityGlobals) = postSolution
		SolutionGuid = {481FE38F-53FA-4811-A505-746D10D413F9}
	EndGlobalSection
EndGlobal
